
Microsoft Visual Studio Solution File, Format Version 12.00
# Visual Studio 15
VisualStudioVersion = 15.0.28010.2026
MinimumVisualStudioVersion = 10.0.40219.1
Project("{FAE04EC0-301F-11D3-BF4B-00C04F79EFBC}") = "Server4Curl", "Server4Curl\Server4Curl.csproj", "{CF41AC3C-0347-447F-BE22-E378C6084447}"
EndProject
Global
	GlobalSection(SolutionConfigurationPlatforms) = preSolution
		Debug|Any CPU = Debug|Any CPU
		Release|Any CPU = Release|Any CPU
	EndGlobalSection
	GlobalSection(ProjectConfigurationPlatforms) = postSolution
		{CF41AC3C-0347-447F-BE22-E378C6084447}.Debug|Any CPU.ActiveCfg = Debug|Any CPU
		{CF41AC3C-0347-447F-BE22-E378C6084447}.Debug|Any CPU.Build.0 = Debug|Any CPU
		{CF41AC3C-0347-447F-BE22-E378C6084447}.Release|Any CPU.ActiveCfg = Release|Any CPU
		{CF41AC3C-0347-447F-BE22-E378C6084447}.Release|Any CPU.Build.0 = Release|Any CPU
	EndGlobalSection
	GlobalSection(SolutionProperties) = preSolution
		HideSolutionNode = FALSE
	EndGlobalSection
	GlobalSection(ExtensibilityGlobals) = postSolution
		SolutionGuid = {0EDADDE0-E036-48AE-9FD8-EA850A89620D}
	EndGlobalSection
EndGlobal
